
Microsoft Visual Studio Solution File, Format Version 12.00
# Visual Studio Version 17
VisualStudioVersion = 17.9.34723.18
MinimumVisualStudioVersion = 10.0.40219.1
Project("{FAE04EC0-301F-11D3-BF4B-00C04F79EFBC}") = "Introduccion", "Introduccion\Introduccion.csproj", "{19718716-2711-4E52-84B7-D473E8FA958D}"
EndProject
Global
	GlobalSection(SolutionConfigurationPlatforms) = preSolution
		Debug|Any CPU = Debug|Any CPU
		Release|Any CPU = Release|Any CPU
	EndGlobalSection
	GlobalSection(ProjectConfigurationPlatforms) = postSolution
		{19718716-2711-4E52-84B7-D473E8FA958D}.Debug|Any CPU.ActiveCfg = Debug|Any CPU
		{19718716-2711-4E52-84B7-D473E8FA958D}.Debug|Any CPU.Build.0 = Debug|Any CPU
		{19718716-2711-4E52-84B7-D473E8FA958D}.Release|Any CPU.ActiveCfg = Release|Any CPU
		{19718716-2711-4E52-84B7-D473E8FA958D}.Release|Any CPU.Build.0 = Release|Any CPU
	EndGlobalSection
	GlobalSection(SolutionProperties) = preSolution
		HideSolutionNode = FALSE
	EndGlobalSection
	GlobalSection(ExtensibilityGlobals) = postSolution
		SolutionGuid = {D7DF7775-8675-4E86-B996-8A0215BFDD51}
	EndGlobalSection
EndGlobal
